
Microsoft Visual Studio Solution File, Format Version 12.00
# Visual Studio Version 16
VisualStudioVersion = 16.0.31025.194
MinimumVisualStudioVersion = 10.0.40219.1
Project("{8BC9CEB8-8B4A-11D0-8D11-00A0C91BC942}") = "mhg_lastexam_week9_ex1", "mhg_lastexam_week9_ex1\mhg_lastexam_week9_ex1.vcxproj", "{7EBE8B86-4D48-4DF1-BA50-145D4E847309}"
EndProject
Global
	GlobalSection(SolutionConfigurationPlatforms) = preSolution
		Debug|x64 = Debug|x64
		Debug|x86 = Debug|x86
		Release|x64 = Release|x64
		Release|x86 = Release|x86
	EndGlobalSection
	GlobalSection(ProjectConfigurationPlatforms) = postSolution
		{7EBE8B86-4D48-4DF1-BA50-145D4E847309}.Debug|x64.ActiveCfg = Debug|x64
		{7EBE8B86-4D48-4DF1-BA50-145D4E847309}.Debug|x64.Build.0 = Debug|x64
		{7EBE8B86-4D48-4DF1-BA50-145D4E847309}.Debug|x86.ActiveCfg = Debug|Win32
		{7EBE8B86-4D48-4DF1-BA50-145D4E847309}.Debug|x86.Build.0 = Debug|Win32
		{7EBE8B86-4D48-4DF1-BA50-145D4E847309}.Release|x64.ActiveCfg = Release|x64
		{7EBE8B86-4D48-4DF1-BA50-145D4E847309}.Release|x64.Build.0 = Release|x64
		{7EBE8B86-4D48-4DF1-BA50-145D4E847309}.Release|x86.ActiveCfg = Release|Win32
		{7EBE8B86-4D48-4DF1-BA50-145D4E847309}.Release|x86.Build.0 = Release|Win32
	EndGlobalSection
	GlobalSection(SolutionProperties) = preSolution
		HideSolutionNode = FALSE
	EndGlobalSection
	GlobalSection(ExtensibilityGlobals) = postSolution
		SolutionGuid = {9FF80E8B-DD06-4C57-ABF3-6B9B73B13FAB}
	EndGlobalSection
EndGlobal
