
Microsoft Visual Studio Solution File, Format Version 12.00
# Visual Studio Version 16
VisualStudioVersion = 16.0.31025.194
MinimumVisualStudioVersion = 10.0.40219.1
Project("{8BC9CEB8-8B4A-11D0-8D11-00A0C91BC942}") = "mhg_labg_a", "mhg_labg_a\mhg_labg_a.vcxproj", "{559677FD-8F0F-4CF0-85F5-EE5BAB1C3233}"
EndProject
Global
	GlobalSection(SolutionConfigurationPlatforms) = preSolution
		Debug|x64 = Debug|x64
		Debug|x86 = Debug|x86
		Release|x64 = Release|x64
		Release|x86 = Release|x86
	EndGlobalSection
	GlobalSection(ProjectConfigurationPlatforms) = postSolution
		{559677FD-8F0F-4CF0-85F5-EE5BAB1C3233}.Debug|x64.ActiveCfg = Debug|x64
		{559677FD-8F0F-4CF0-85F5-EE5BAB1C3233}.Debug|x64.Build.0 = Debug|x64
		{559677FD-8F0F-4CF0-85F5-EE5BAB1C3233}.Debug|x86.ActiveCfg = Debug|Win32
		{559677FD-8F0F-4CF0-85F5-EE5BAB1C3233}.Debug|x86.Build.0 = Debug|Win32
		{559677FD-8F0F-4CF0-85F5-EE5BAB1C3233}.Release|x64.ActiveCfg = Release|x64
		{559677FD-8F0F-4CF0-85F5-EE5BAB1C3233}.Release|x64.Build.0 = Release|x64
		{559677FD-8F0F-4CF0-85F5-EE5BAB1C3233}.Release|x86.ActiveCfg = Release|Win32
		{559677FD-8F0F-4CF0-85F5-EE5BAB1C3233}.Release|x86.Build.0 = Release|Win32
	EndGlobalSection
	GlobalSection(SolutionProperties) = preSolution
		HideSolutionNode = FALSE
	EndGlobalSection
	GlobalSection(ExtensibilityGlobals) = postSolution
		SolutionGuid = {6EF91EC7-4A46-48A3-B7BE-A16F010221FD}
	EndGlobalSection
EndGlobal
